
Microsoft Visual Studio Solution File, Format Version 12.00
# Visual Studio Version 16
VisualStudioVersion = 16.0.31321.278
MinimumVisualStudioVersion = 10.0.40219.1
Project("{9A19103F-16F7-4668-BE54-9A1E7A4F7556}") = "Nivara.Web", "Nivra\Nivara.Web.csproj", "{0A237055-3628-40E4-912E-EA4A46BAF18D}"
EndProject
Project("{9A19103F-16F7-4668-BE54-9A1E7A4F7556}") = "Nivara.Common", "Nivara.Common\Nivara.Common.csproj", "{FA7FB94B-87E2-4088-AC17-37885BD44FF7}"
EndProject
Project("{9A19103F-16F7-4668-BE54-9A1E7A4F7556}") = "Nivara.Data", "Nivara.Data\Nivara.Data.csproj", "{B9AEF408-4307-4233-8042-D8B955F1B942}"
EndProject
Project("{9A19103F-16F7-4668-BE54-9A1E7A4F7556}") = "Nivara.Models", "Nivara.Models\Nivara.Models.csproj", "{3560285B-77B9-4651-9B76-38B18CE09795}"
EndProject
Project("{9A19103F-16F7-4668-BE54-9A1E7A4F7556}") = "Nivara.Core", "Nivara.Core\Nivara.Core.csproj", "{D0A3953E-FB1C-4E13-AE2D-39CBBBC7F94D}"
EndProject
Global
	GlobalSection(SolutionConfigurationPlatforms) = preSolution
		Debug|Any CPU = Debug|Any CPU
		Release|Any CPU = Release|Any CPU
	EndGlobalSection
	GlobalSection(ProjectConfigurationPlatforms) = postSolution
		{0A237055-3628-40E4-912E-EA4A46BAF18D}.Debug|Any CPU.ActiveCfg = Debug|Any CPU
		{0A237055-3628-40E4-912E-EA4A46BAF18D}.Debug|Any CPU.Build.0 = Debug|Any CPU
		{0A237055-3628-40E4-912E-EA4A46BAF18D}.Release|Any CPU.ActiveCfg = Release|Any CPU
		{0A237055-3628-40E4-912E-EA4A46BAF18D}.Release|Any CPU.Build.0 = Release|Any CPU
		{FA7FB94B-87E2-4088-AC17-37885BD44FF7}.Debug|Any CPU.ActiveCfg = Debug|Any CPU
		{FA7FB94B-87E2-4088-AC17-37885BD44FF7}.Debug|Any CPU.Build.0 = Debug|Any CPU
		{FA7FB94B-87E2-4088-AC17-37885BD44FF7}.Release|Any CPU.ActiveCfg = Release|Any CPU
		{FA7FB94B-87E2-4088-AC17-37885BD44FF7}.Release|Any CPU.Build.0 = Release|Any CPU
		{B9AEF408-4307-4233-8042-D8B955F1B942}.Debug|Any CPU.ActiveCfg = Debug|Any CPU
		{B9AEF408-4307-4233-8042-D8B955F1B942}.Debug|Any CPU.Build.0 = Debug|Any CPU
		{B9AEF408-4307-4233-8042-D8B955F1B942}.Release|Any CPU.ActiveCfg = Release|Any CPU
		{B9AEF408-4307-4233-8042-D8B955F1B942}.Release|Any CPU.Build.0 = Release|Any CPU
		{3560285B-77B9-4651-9B76-38B18CE09795}.Debug|Any CPU.ActiveCfg = Debug|Any CPU
		{3560285B-77B9-4651-9B76-38B18CE09795}.Debug|Any CPU.Build.0 = Debug|Any CPU
		{3560285B-77B9-4651-9B76-38B18CE09795}.Release|Any CPU.ActiveCfg = Release|Any CPU
		{3560285B-77B9-4651-9B76-38B18CE09795}.Release|Any CPU.Build.0 = Release|Any CPU
		{D0A3953E-FB1C-4E13-AE2D-39CBBBC7F94D}.Debug|Any CPU.ActiveCfg = Debug|Any CPU
		{D0A3953E-FB1C-4E13-AE2D-39CBBBC7F94D}.Debug|Any CPU.Build.0 = Debug|Any CPU
		{D0A3953E-FB1C-4E13-AE2D-39CBBBC7F94D}.Release|Any CPU.ActiveCfg = Release|Any CPU
		{D0A3953E-FB1C-4E13-AE2D-39CBBBC7F94D}.Release|Any CPU.Build.0 = Release|Any CPU
	EndGlobalSection
	GlobalSection(SolutionProperties) = preSolution
		HideSolutionNode = FALSE
	EndGlobalSection
	GlobalSection(ExtensibilityGlobals) = postSolution
		SolutionGuid = {8343E86E-2EB4-4DED-937B-8F8AA1730D95}
	EndGlobalSection
EndGlobal
